
Microsoft Visual Studio Solution File, Format Version 12.00
# Visual Studio Version 16
VisualStudioVersion = 16.0.31205.134
MinimumVisualStudioVersion = 10.0.40219.1
Project("{FAE04EC0-301F-11D3-BF4B-00C04F79EFBC}") = "DIForms", "DIForms\DIForms.csproj", "{B83A9AB4-3CA2-443C-8C76-EFF223DA92D1}"
EndProject
Project("{FAE04EC0-301F-11D3-BF4B-00C04F79EFBC}") = "Dependencias", "Dependencias\Dependencias.csproj", "{B20A8625-46BF-41CF-943F-8268DA54679E}"
EndProject
Global
	GlobalSection(SolutionConfigurationPlatforms) = preSolution
		Debug|Any CPU = Debug|Any CPU
		Release|Any CPU = Release|Any CPU
	EndGlobalSection
	GlobalSection(ProjectConfigurationPlatforms) = postSolution
		{B83A9AB4-3CA2-443C-8C76-EFF223DA92D1}.Debug|Any CPU.ActiveCfg = Debug|Any CPU
		{B83A9AB4-3CA2-443C-8C76-EFF223DA92D1}.Debug|Any CPU.Build.0 = Debug|Any CPU
		{B83A9AB4-3CA2-443C-8C76-EFF223DA92D1}.Release|Any CPU.ActiveCfg = Release|Any CPU
		{B83A9AB4-3CA2-443C-8C76-EFF223DA92D1}.Release|Any CPU.Build.0 = Release|Any CPU
		{B20A8625-46BF-41CF-943F-8268DA54679E}.Debug|Any CPU.ActiveCfg = Debug|Any CPU
		{B20A8625-46BF-41CF-943F-8268DA54679E}.Debug|Any CPU.Build.0 = Debug|Any CPU
		{B20A8625-46BF-41CF-943F-8268DA54679E}.Release|Any CPU.ActiveCfg = Release|Any CPU
		{B20A8625-46BF-41CF-943F-8268DA54679E}.Release|Any CPU.Build.0 = Release|Any CPU
	EndGlobalSection
	GlobalSection(SolutionProperties) = preSolution
		HideSolutionNode = FALSE
	EndGlobalSection
	GlobalSection(ExtensibilityGlobals) = postSolution
		SolutionGuid = {AE22A756-6E9D-4DEC-9ACD-6CDF6C1A0952}
	EndGlobalSection
EndGlobal
